
Microsoft Visual Studio Solution File, Format Version 12.00
# Visual Studio Express 2013 for Windows Desktop
VisualStudioVersion = 12.0.30723.0
MinimumVisualStudioVersion = 10.0.40219.1
Project("{8BC9CEB8-8B4A-11D0-8D11-00A0C91BC942}") = "OpenTracer", "OpenTracer\OpenTracer.vcxproj", "{35280624-F6C2-4988-B27E-05482297B1D9}"
EndProject
Project("{8BC9CEB8-8B4A-11D0-8D11-00A0C91BC942}") = "Viewer", "Viewer\Viewer.vcxproj", "{698CD8D5-6E3B-45C8-9036-945DECB654B6}"
	ProjectSection(ProjectDependencies) = postProject
		{35280624-F6C2-4988-B27E-05482297B1D9} = {35280624-F6C2-4988-B27E-05482297B1D9}
	EndProjectSection
EndProject
Global
	GlobalSection(SolutionConfigurationPlatforms) = preSolution
		Debug|Win32 = Debug|Win32
		Release|Win32 = Release|Win32
	EndGlobalSection
	GlobalSection(ProjectConfigurationPlatforms) = postSolution
		{35280624-F6C2-4988-B27E-05482297B1D9}.Debug|Win32.ActiveCfg = Debug|Win32
		{35280624-F6C2-4988-B27E-05482297B1D9}.Debug|Win32.Build.0 = Debug|Win32
		{35280624-F6C2-4988-B27E-05482297B1D9}.Release|Win32.ActiveCfg = Release|Win32
		{35280624-F6C2-4988-B27E-05482297B1D9}.Release|Win32.Build.0 = Release|Win32
		{698CD8D5-6E3B-45C8-9036-945DECB654B6}.Debug|Win32.ActiveCfg = Debug|Win32
		{698CD8D5-6E3B-45C8-9036-945DECB654B6}.Debug|Win32.Build.0 = Debug|Win32
		{698CD8D5-6E3B-45C8-9036-945DECB654B6}.Release|Win32.ActiveCfg = Release|Win32
		{698CD8D5-6E3B-45C8-9036-945DECB654B6}.Release|Win32.Build.0 = Release|Win32
	EndGlobalSection
	GlobalSection(SolutionProperties) = preSolution
		HideSolutionNode = FALSE
	EndGlobalSection
EndGlobal
